
Microsoft Visual Studio Solution File, Format Version 12.00
# Visual Studio Version 16
VisualStudioVersion = 16.0.29201.188
MinimumVisualStudioVersion = 10.0.40219.1
Project("{FAE04EC0-301F-11D3-BF4B-00C04F79EFBC}") = "DotNetCoreMvcApp", "DotNetCoreMvcApp.csproj", "{AD4EBE86-E74A-4B4B-B490-3EBD4E170BB2}"
EndProject
Global
	GlobalSection(SolutionConfigurationPlatforms) = preSolution
		Debug|Any CPU = Debug|Any CPU
		Release|Any CPU = Release|Any CPU
	EndGlobalSection
	GlobalSection(ProjectConfigurationPlatforms) = postSolution
		{AD4EBE86-E74A-4B4B-B490-3EBD4E170BB2}.Debug|Any CPU.ActiveCfg = Debug|Any CPU
		{AD4EBE86-E74A-4B4B-B490-3EBD4E170BB2}.Debug|Any CPU.Build.0 = Debug|Any CPU
		{AD4EBE86-E74A-4B4B-B490-3EBD4E170BB2}.Release|Any CPU.ActiveCfg = Release|Any CPU
		{AD4EBE86-E74A-4B4B-B490-3EBD4E170BB2}.Release|Any CPU.Build.0 = Release|Any CPU
	EndGlobalSection
	GlobalSection(SolutionProperties) = preSolution
		HideSolutionNode = FALSE
	EndGlobalSection
	GlobalSection(ExtensibilityGlobals) = postSolution
		SolutionGuid = {892AAA78-775C-44D3-9E87-103109C0BD6D}
	EndGlobalSection
EndGlobal
